
Microsoft Visual Studio Solution File, Format Version 12.00
# Visual Studio Version 17
VisualStudioVersion = 17.11.35327.3
MinimumVisualStudioVersion = 10.0.40219.1
Project("{FAE04EC0-301F-11D3-BF4B-00C04F79EFBC}") = "BasicImplementationStackLinkedList", "BasicImplementationStackLinkedList\BasicImplementationStackLinkedList.csproj", "{B720B8AE-C636-4ACD-BC8C-C8DD3BCAD03A}"
EndProject
Global
	GlobalSection(SolutionConfigurationPlatforms) = preSolution
		Debug|Any CPU = Debug|Any CPU
		Release|Any CPU = Release|Any CPU
	EndGlobalSection
	GlobalSection(ProjectConfigurationPlatforms) = postSolution
		{B720B8AE-C636-4ACD-BC8C-C8DD3BCAD03A}.Debug|Any CPU.ActiveCfg = Debug|Any CPU
		{B720B8AE-C636-4ACD-BC8C-C8DD3BCAD03A}.Debug|Any CPU.Build.0 = Debug|Any CPU
		{B720B8AE-C636-4ACD-BC8C-C8DD3BCAD03A}.Release|Any CPU.ActiveCfg = Release|Any CPU
		{B720B8AE-C636-4ACD-BC8C-C8DD3BCAD03A}.Release|Any CPU.Build.0 = Release|Any CPU
	EndGlobalSection
	GlobalSection(SolutionProperties) = preSolution
		HideSolutionNode = FALSE
	EndGlobalSection
	GlobalSection(ExtensibilityGlobals) = postSolution
		SolutionGuid = {16535473-E116-488E-9EFF-C99601C7F243}
	EndGlobalSection
EndGlobal
